
Microsoft Visual Studio Solution File, Format Version 12.00
# Visual Studio Version 16
VisualStudioVersion = 16.0.30804.86
MinimumVisualStudioVersion = 10.0.40219.1
Project("{FAE04EC0-301F-11D3-BF4B-00C04F79EFBC}") = "OleksandrD_Assign2", "OleksandrD_Assign2\OleksandrD_Assign2.csproj", "{6BF48F76-96C8-45DB-BB0A-48E507155B93}"
EndProject
Global
	GlobalSection(SolutionConfigurationPlatforms) = preSolution
		Debug|Any CPU = Debug|Any CPU
		Release|Any CPU = Release|Any CPU
	EndGlobalSection
	GlobalSection(ProjectConfigurationPlatforms) = postSolution
		{6BF48F76-96C8-45DB-BB0A-48E507155B93}.Debug|Any CPU.ActiveCfg = Debug|Any CPU
		{6BF48F76-96C8-45DB-BB0A-48E507155B93}.Debug|Any CPU.Build.0 = Debug|Any CPU
		{6BF48F76-96C8-45DB-BB0A-48E507155B93}.Release|Any CPU.ActiveCfg = Release|Any CPU
		{6BF48F76-96C8-45DB-BB0A-48E507155B93}.Release|Any CPU.Build.0 = Release|Any CPU
	EndGlobalSection
	GlobalSection(SolutionProperties) = preSolution
		HideSolutionNode = FALSE
	EndGlobalSection
	GlobalSection(ExtensibilityGlobals) = postSolution
		SolutionGuid = {6FAA175E-439C-4BE9-997E-00EDF808149F}
	EndGlobalSection
EndGlobal
